
Microsoft Visual Studio Solution File, Format Version 12.00
# Visual Studio Version 17
VisualStudioVersion = 17.11.35312.102
MinimumVisualStudioVersion = 10.0.40219.1
Project("{FAE04EC0-301F-11D3-BF4B-00C04F79EFBC}") = "ConsoleApp2", "ConsoleApp2\ConsoleApp2.csproj", "{A41F9B1C-0EDC-423A-A361-D4B080251066}"
EndProject
Global
	GlobalSection(SolutionConfigurationPlatforms) = preSolution
		Debug|Any CPU = Debug|Any CPU
		Release|Any CPU = Release|Any CPU
	EndGlobalSection
	GlobalSection(ProjectConfigurationPlatforms) = postSolution
		{A41F9B1C-0EDC-423A-A361-D4B080251066}.Debug|Any CPU.ActiveCfg = Debug|Any CPU
		{A41F9B1C-0EDC-423A-A361-D4B080251066}.Debug|Any CPU.Build.0 = Debug|Any CPU
		{A41F9B1C-0EDC-423A-A361-D4B080251066}.Release|Any CPU.ActiveCfg = Release|Any CPU
		{A41F9B1C-0EDC-423A-A361-D4B080251066}.Release|Any CPU.Build.0 = Release|Any CPU
	EndGlobalSection
	GlobalSection(SolutionProperties) = preSolution
		HideSolutionNode = FALSE
	EndGlobalSection
	GlobalSection(ExtensibilityGlobals) = postSolution
		SolutionGuid = {FCF01AC1-3D73-4D59-A687-86E077FD0D96}
	EndGlobalSection
EndGlobal
